
Microsoft Visual Studio Solution File, Format Version 12.00
# Visual Studio Version 17
VisualStudioVersion = 17.0.31903.59
MinimumVisualStudioVersion = 10.0.40219.1
Project("{2150E333-8FDC-42A3-9474-1A3956D46DE8}") = "src", "src", "{827E0CD3-B72D-47B6-A68D-7590B98EB39B}"
EndProject
Project("{FAE04EC0-301F-11D3-BF4B-00C04F79EFBC}") = "QrMenu.API", "src\QrMenu.API\QrMenu.API.csproj", "{197091BE-BAF5-454A-92A9-A8B18EC137A2}"
EndProject
Project("{FAE04EC0-301F-11D3-BF4B-00C04F79EFBC}") = "QrMenu.Domain", "src\QrMenu.Domain\QrMenu.Domain.csproj", "{1F2F2D61-DE67-47A6-BEC9-4FCDBB83099F}"
EndProject
Project("{FAE04EC0-301F-11D3-BF4B-00C04F79EFBC}") = "QrMenu.Application", "src\QrMenu.Application\QrMenu.Application.csproj", "{0665E8CD-7BA3-4B2F-A756-DB7D949ED45E}"
EndProject
Project("{FAE04EC0-301F-11D3-BF4B-00C04F79EFBC}") = "QrMenu.Infrastructure", "src\QrMenu.Infrastructure\QrMenu.Infrastructure.csproj", "{72EDF964-D8C3-4D37-8E2E-2B61CB658E8D}"
EndProject
Global
	GlobalSection(SolutionConfigurationPlatforms) = preSolution
		Debug|Any CPU = Debug|Any CPU
		Debug|x64 = Debug|x64
		Debug|x86 = Debug|x86
		Release|Any CPU = Release|Any CPU
		Release|x64 = Release|x64
		Release|x86 = Release|x86
	EndGlobalSection
	GlobalSection(ProjectConfigurationPlatforms) = postSolution
		{197091BE-BAF5-454A-92A9-A8B18EC137A2}.Debug|Any CPU.ActiveCfg = Debug|Any CPU
		{197091BE-BAF5-454A-92A9-A8B18EC137A2}.Debug|Any CPU.Build.0 = Debug|Any CPU
		{197091BE-BAF5-454A-92A9-A8B18EC137A2}.Debug|x64.ActiveCfg = Debug|Any CPU
		{197091BE-BAF5-454A-92A9-A8B18EC137A2}.Debug|x64.Build.0 = Debug|Any CPU
		{197091BE-BAF5-454A-92A9-A8B18EC137A2}.Debug|x86.ActiveCfg = Debug|Any CPU
		{197091BE-BAF5-454A-92A9-A8B18EC137A2}.Debug|x86.Build.0 = Debug|Any CPU
		{197091BE-BAF5-454A-92A9-A8B18EC137A2}.Release|Any CPU.ActiveCfg = Release|Any CPU
		{197091BE-BAF5-454A-92A9-A8B18EC137A2}.Release|Any CPU.Build.0 = Release|Any CPU
		{197091BE-BAF5-454A-92A9-A8B18EC137A2}.Release|x64.ActiveCfg = Release|Any CPU
		{197091BE-BAF5-454A-92A9-A8B18EC137A2}.Release|x64.Build.0 = Release|Any CPU
		{197091BE-BAF5-454A-92A9-A8B18EC137A2}.Release|x86.ActiveCfg = Release|Any CPU
		{197091BE-BAF5-454A-92A9-A8B18EC137A2}.Release|x86.Build.0 = Release|Any CPU
		{1F2F2D61-DE67-47A6-BEC9-4FCDBB83099F}.Debug|Any CPU.ActiveCfg = Debug|Any CPU
		{1F2F2D61-DE67-47A6-BEC9-4FCDBB83099F}.Debug|Any CPU.Build.0 = Debug|Any CPU
		{1F2F2D61-DE67-47A6-BEC9-4FCDBB83099F}.Debug|x64.ActiveCfg = Debug|Any CPU
		{1F2F2D61-DE67-47A6-BEC9-4FCDBB83099F}.Debug|x64.Build.0 = Debug|Any CPU
		{1F2F2D61-DE67-47A6-BEC9-4FCDBB83099F}.Debug|x86.ActiveCfg = Debug|Any CPU
		{1F2F2D61-DE67-47A6-BEC9-4FCDBB83099F}.Debug|x86.Build.0 = Debug|Any CPU
		{1F2F2D61-DE67-47A6-BEC9-4FCDBB83099F}.Release|Any CPU.ActiveCfg = Release|Any CPU
		{1F2F2D61-DE67-47A6-BEC9-4FCDBB83099F}.Release|Any CPU.Build.0 = Release|Any CPU
		{1F2F2D61-DE67-47A6-BEC9-4FCDBB83099F}.Release|x64.ActiveCfg = Release|Any CPU
		{1F2F2D61-DE67-47A6-BEC9-4FCDBB83099F}.Release|x64.Build.0 = Release|Any CPU
		{1F2F2D61-DE67-47A6-BEC9-4FCDBB83099F}.Release|x86.ActiveCfg = Release|Any CPU
		{1F2F2D61-DE67-47A6-BEC9-4FCDBB83099F}.Release|x86.Build.0 = Release|Any CPU
		{0665E8CD-7BA3-4B2F-A756-DB7D949ED45E}.Debug|Any CPU.ActiveCfg = Debug|Any CPU
		{0665E8CD-7BA3-4B2F-A756-DB7D949ED45E}.Debug|Any CPU.Build.0 = Debug|Any CPU
		{0665E8CD-7BA3-4B2F-A756-DB7D949ED45E}.Debug|x64.ActiveCfg = Debug|Any CPU
		{0665E8CD-7BA3-4B2F-A756-DB7D949ED45E}.Debug|x64.Build.0 = Debug|Any CPU
		{0665E8CD-7BA3-4B2F-A756-DB7D949ED45E}.Debug|x86.ActiveCfg = Debug|Any CPU
		{0665E8CD-7BA3-4B2F-A756-DB7D949ED45E}.Debug|x86.Build.0 = Debug|Any CPU
		{0665E8CD-7BA3-4B2F-A756-DB7D949ED45E}.Release|Any CPU.ActiveCfg = Release|Any CPU
		{0665E8CD-7BA3-4B2F-A756-DB7D949ED45E}.Release|Any CPU.Build.0 = Release|Any CPU
		{0665E8CD-7BA3-4B2F-A756-DB7D949ED45E}.Release|x64.ActiveCfg = Release|Any CPU
		{0665E8CD-7BA3-4B2F-A756-DB7D949ED45E}.Release|x64.Build.0 = Release|Any CPU
		{0665E8CD-7BA3-4B2F-A756-DB7D949ED45E}.Release|x86.ActiveCfg = Release|Any CPU
		{0665E8CD-7BA3-4B2F-A756-DB7D949ED45E}.Release|x86.Build.0 = Release|Any CPU
		{72EDF964-D8C3-4D37-8E2E-2B61CB658E8D}.Debug|Any CPU.ActiveCfg = Debug|Any CPU
		{72EDF964-D8C3-4D37-8E2E-2B61CB658E8D}.Debug|Any CPU.Build.0 = Debug|Any CPU
		{72EDF964-D8C3-4D37-8E2E-2B61CB658E8D}.Debug|x64.ActiveCfg = Debug|Any CPU
		{72EDF964-D8C3-4D37-8E2E-2B61CB658E8D}.Debug|x64.Build.0 = Debug|Any CPU
		{72EDF964-D8C3-4D37-8E2E-2B61CB658E8D}.Debug|x86.ActiveCfg = Debug|Any CPU
		{72EDF964-D8C3-4D37-8E2E-2B61CB658E8D}.Debug|x86.Build.0 = Debug|Any CPU
		{72EDF964-D8C3-4D37-8E2E-2B61CB658E8D}.Release|Any CPU.ActiveCfg = Release|Any CPU
		{72EDF964-D8C3-4D37-8E2E-2B61CB658E8D}.Release|Any CPU.Build.0 = Release|Any CPU
		{72EDF964-D8C3-4D37-8E2E-2B61CB658E8D}.Release|x64.ActiveCfg = Release|Any CPU
		{72EDF964-D8C3-4D37-8E2E-2B61CB658E8D}.Release|x64.Build.0 = Release|Any CPU
		{72EDF964-D8C3-4D37-8E2E-2B61CB658E8D}.Release|x86.ActiveCfg = Release|Any CPU
		{72EDF964-D8C3-4D37-8E2E-2B61CB658E8D}.Release|x86.Build.0 = Release|Any CPU
	EndGlobalSection
	GlobalSection(SolutionProperties) = preSolution
		HideSolutionNode = FALSE
	EndGlobalSection
	GlobalSection(NestedProjects) = preSolution
		{197091BE-BAF5-454A-92A9-A8B18EC137A2} = {827E0CD3-B72D-47B6-A68D-7590B98EB39B}
		{1F2F2D61-DE67-47A6-BEC9-4FCDBB83099F} = {827E0CD3-B72D-47B6-A68D-7590B98EB39B}
		{0665E8CD-7BA3-4B2F-A756-DB7D949ED45E} = {827E0CD3-B72D-47B6-A68D-7590B98EB39B}
		{72EDF964-D8C3-4D37-8E2E-2B61CB658E8D} = {827E0CD3-B72D-47B6-A68D-7590B98EB39B}
	EndGlobalSection
	GlobalSection(ExtensibilityGlobals) = postSolution
		SolutionGuid = {123057B7-2EEC-4877-8B1B-D4BA140CE30B}
	EndGlobalSection
EndGlobal
